
Microsoft Visual Studio Solution File, Format Version 12.00
# Visual Studio Version 16
VisualStudioVersion = 16.0.32228.343
MinimumVisualStudioVersion = 10.0.40219.1
Project("{FAE04EC0-301F-11D3-BF4B-00C04F79EFBC}") = "applicationRepo", "applicationRepo\applicationRepo.csproj", "{B9D267CE-22FD-4165-9F19-FE85A7BBDD30}"
EndProject
Global
	GlobalSection(SolutionConfigurationPlatforms) = preSolution
		Debug|Any CPU = Debug|Any CPU
		Release|Any CPU = Release|Any CPU
	EndGlobalSection
	GlobalSection(ProjectConfigurationPlatforms) = postSolution
		{B9D267CE-22FD-4165-9F19-FE85A7BBDD30}.Debug|Any CPU.ActiveCfg = Debug|Any CPU
		{B9D267CE-22FD-4165-9F19-FE85A7BBDD30}.Debug|Any CPU.Build.0 = Debug|Any CPU
		{B9D267CE-22FD-4165-9F19-FE85A7BBDD30}.Release|Any CPU.ActiveCfg = Release|Any CPU
		{B9D267CE-22FD-4165-9F19-FE85A7BBDD30}.Release|Any CPU.Build.0 = Release|Any CPU
	EndGlobalSection
	GlobalSection(SolutionProperties) = preSolution
		HideSolutionNode = FALSE
	EndGlobalSection
	GlobalSection(ExtensibilityGlobals) = postSolution
		SolutionGuid = {1C1D0228-C2EE-4B2A-8A9B-6CB7632C3BFA}
	EndGlobalSection
EndGlobal
